{
  "name": "triathlon-app",
  "version": "0.1.0",
  "lockfileVersion": 3,
  "requires": true,
  "packages": {
    "": {
      "name": "triathlon-app",
      "version": "0.1.0",
      "devDependencies": {
        "@azure/mcp": "^2.0.0-beta.18",
        "@types/node": "^22",
        "prettier": "^3",
        "turbo": "^2"
      }
    },
    "node_modules/@azure/mcp": {
      "version": "2.0.0-beta.18",
      "resolved": "https://registry.npmjs.org/@azure/mcp/-/mcp-2.0.0-beta.18.tgz",
      "integrity": "sha512-/dpGZmpOqnCzc4ZrrokcqxX5jQ8lCTlmtrH1Gu/b0OgK/+XROGfL2pJMDpF5GfSRUSynDZAssJPSrd6ZXoI/IQ==",
      "cpu": [
        "x64",
        "arm64"
      ],
      "dev": true,
      "hasInstallScript": true,
      "license": "MIT",
      "os": [
        "linux",
        "darwin",
        "win32"
      ],
      "bin": {
        "azmcp": "index.js"
      },
      "engines": {
        "node": ">=20.0.0"
      },
      "optionalDependencies": {
        "@azure/mcp-darwin-arm64": "2.0.0-beta.18",
        "@azure/mcp-darwin-x64": "2.0.0-beta.18",
        "@azure/mcp-linux-arm64": "2.0.0-beta.18",
        "@azure/mcp-linux-x64": "2.0.0-beta.18",
        "@azure/mcp-win32-arm64": "2.0.0-beta.18",
        "@azure/mcp-win32-x64": "2.0.0-beta.18"
      }
    },
    "node_modules/@azure/mcp-darwin-arm64": {
      "version": "2.0.0-beta.18",
      "resolved": "https://registry.npmjs.org/@azure/mcp-darwin-arm64/-/mcp-darwin-arm64-2.0.0-beta.18.tgz",
      "integrity": "sha512-QJrxv+52H6vYrEGNZcBzlBsCRHDvN6oZdFNmIm+hpTDFeGMKFNJJAdGIAbzyD3sPXFXGJJnW3w3c9yP4pbxZTg==",
      "cpu": [
        "arm64"
      ],
      "dev": true,
      "license": "MIT",
      "optional": true,
      "os": [
        "darwin"
      ],
      "bin": {
        "azmcp-darwin-arm64": "dist/azmcp"
      },
      "engines": {
        "node": ">=20.0.0"
      }
    },
    "node_modules/@azure/mcp-darwin-x64": {
      "version": "2.0.0-beta.18",
      "resolved": "https://registry.npmjs.org/@azure/mcp-darwin-x64/-/mcp-darwin-x64-2.0.0-beta.18.tgz",
      "integrity": "sha512-Cvt6ktRJ6pfL66w4sBMCFiZ+uJLmtPgpLyxG3LgXU5uE8apoFCGW+LCICFrZxeM9a9+vucM7g++g3++evMAmQg==",
      "cpu": [
        "x64"
      ],
      "dev": true,
      "license": "MIT",
      "optional": true,
      "os": [
        "darwin"
      ],
      "bin": {
        "azmcp-darwin-x64": "dist/azmcp"
      },
      "engines": {
        "node": ">=20.0.0"
      }
    },
    "node_modules/@azure/mcp-linux-arm64": {
      "version": "2.0.0-beta.18",
      "resolved": "https://registry.npmjs.org/@azure/mcp-linux-arm64/-/mcp-linux-arm64-2.0.0-beta.18.tgz",
      "integrity": "sha512-YmGiHmZysDVNH8r1kZMvL9D51PTDrZBtsRUOFp4EXb/Z7WCvA/zYvfhluyZII8BXjpAxukUPbjjs1GTpSnSOEg==",
      "cpu": [
        "arm64"
      ],
      "dev": true,
      "license": "MIT",
      "optional": true,
      "os": [
        "linux"
      ],
      "bin": {
        "azmcp-linux-arm64": "dist/azmcp"
      },
      "engines": {
        "node": ">=20.0.0"
      }
    },
    "node_modules/@azure/mcp-linux-x64": {
      "version": "2.0.0-beta.18",
      "resolved": "https://registry.npmjs.org/@azure/mcp-linux-x64/-/mcp-linux-x64-2.0.0-beta.18.tgz",
      "integrity": "sha512-GKkPs/9VHHrb5JE8HMItC+yf3THO2TACp+LOSAje75ouarUHFBTYbO8nQDSVI9+SBhP2stVX4y20meMQcjlW2A==",
      "cpu": [
        "x64"
      ],
      "dev": true,
      "license": "MIT",
      "optional": true,
      "os": [
        "linux"
      ],
      "bin": {
        "azmcp-linux-x64": "dist/azmcp"
      },
      "engines": {
        "node": ">=20.0.0"
      }
    },
    "node_modules/@azure/mcp-win32-arm64": {
      "version": "2.0.0-beta.18",
      "resolved": "https://registry.npmjs.org/@azure/mcp-win32-arm64/-/mcp-win32-arm64-2.0.0-beta.18.tgz",
      "integrity": "sha512-UgEygaolW63QLNTTu3FfsZ+hU4oSiC0QwMqkoIWI4+o2j+93t3NBEZ4vbyg0MMRq2JQ6zPpe7gplHd8V+YiZcA==",
      "cpu": [
        "arm64"
      ],
      "dev": true,
      "license": "MIT",
      "optional": true,
      "os": [
        "win32"
      ],
      "bin": {
        "azmcp-win32-arm64": "dist/azmcp.exe"
      },
      "engines": {
        "node": ">=20.0.0"
      }
    },
    "node_modules/@azure/mcp-win32-x64": {
      "version": "2.0.0-beta.18",
      "resolved": "https://registry.npmjs.org/@azure/mcp-win32-x64/-/mcp-win32-x64-2.0.0-beta.18.tgz",
      "integrity": "sha512-/EmjQwitDG+yFe69qbh/oMpTqx09970hdrvnFjghTIUkAa9v2xCl6NOlfNeyEkm1Pbvl7KgjmmdwhNww3K4nkQ==",
      "cpu": [
        "x64"
      ],
      "dev": true,
      "license": "MIT",
      "optional": true,
      "os": [
        "win32"
      ],
      "bin": {
        "azmcp-win32-x64": "dist/azmcp.exe"
      },
      "engines": {
        "node": ">=20.0.0"
      }
    },
    "node_modules/@types/node": {
      "version": "22.19.11",
      "resolved": "https://registry.npmjs.org/@types/node/-/node-22.19.11.tgz",
      "integrity": "sha512-BH7YwL6rA93ReqeQS1c4bsPpcfOmJasG+Fkr6Y59q83f9M1WcBRHR2vM+P9eOisYRcN3ujQoiZY8uk5W+1WL8w==",
      "dev": true,
      "license": "MIT",
      "dependencies": {
        "undici-types": "~6.21.0"
      }
    },
    "node_modules/prettier": {
      "version": "3.8.1",
      "resolved": "https://registry.npmjs.org/prettier/-/prettier-3.8.1.tgz",
      "integrity": "sha512-UOnG6LftzbdaHZcKoPFtOcCKztrQ57WkHDeRD9t/PTQtmT0NHSeWWepj6pS0z/N7+08BHFDQVUrfmfMRcZwbMg==",
      "dev": true,
      "license": "MIT",
      "bin": {
        "prettier": "bin/prettier.cjs"
      },
      "engines": {
        "node": ">=14"
      },
      "funding": {
        "url": "https://github.com/prettier/prettier?sponsor=1"
      }
    },
    "node_modules/turbo": {
      "version": "2.8.5",
      "resolved": "https://registry.npmjs.org/turbo/-/turbo-2.8.5.tgz",
      "integrity": "sha512-pUhV1czFZNGOwnwCLaO727uSDH4botIrhOb/AAFqzfi3x4eeRZoOcAjoidnXD/dwCAw0HJf3+Sy4c2e8SlQKxQ==",
      "dev": true,
      "license": "MIT",
      "bin": {
        "turbo": "bin/turbo"
      },
      "optionalDependencies": {
        "turbo-darwin-64": "2.8.5",
        "turbo-darwin-arm64": "2.8.5",
        "turbo-linux-64": "2.8.5",
        "turbo-linux-arm64": "2.8.5",
        "turbo-windows-64": "2.8.5",
        "turbo-windows-arm64": "2.8.5"
      }
    },
    "node_modules/turbo-darwin-64": {
      "version": "2.8.5",
      "resolved": "https://registry.npmjs.org/turbo-darwin-64/-/turbo-darwin-64-2.8.5.tgz",
      "integrity": "sha512-3wngnZrjRh6nXjNFURY9yKV7ysTF2gibpzkQjo4/c4eWjGt39q5p/A/wpxpnVBzyT1/auaPuzxJA98Sv1ZCOJg==",
      "cpu": [
        "x64"
      ],
      "dev": true,
      "license": "MIT",
      "optional": true,
      "os": [
        "darwin"
      ]
    },
    "node_modules/turbo-darwin-arm64": {
      "version": "2.8.5",
      "resolved": "https://registry.npmjs.org/turbo-darwin-arm64/-/turbo-darwin-arm64-2.8.5.tgz",
      "integrity": "sha512-QAFH6X9h8M4G8uTVRBQFw6EN0LmvYYyNEA2EKJOEogyeULSUA04M+FzYuSScl6uS9P78fzOCC0hhzk/Eqo4GQg==",
      "cpu": [
        "arm64"
      ],
      "dev": true,
      "license": "MIT",
      "optional": true,
      "os": [
        "darwin"
      ]
    },
    "node_modules/turbo-linux-64": {
      "version": "2.8.5",
      "resolved": "https://registry.npmjs.org/turbo-linux-64/-/turbo-linux-64-2.8.5.tgz",
      "integrity": "sha512-o01d5g3CZWavW6vP0KD8wJwdqoHaLuOAb3PvuWY95JEcyPRAKGKNxsTW2xNifY4UYENwSVktFZXZlIO2qnrEmg==",
      "cpu": [
        "x64"
      ],
      "dev": true,
      "license": "MIT",
      "optional": true,
      "os": [
        "linux"
      ]
    },
    "node_modules/turbo-linux-arm64": {
      "version": "2.8.5",
      "resolved": "https://registry.npmjs.org/turbo-linux-arm64/-/turbo-linux-arm64-2.8.5.tgz",
      "integrity": "sha512-YSNVEUeFVGsA2pmPOokiximJOhKQnrg/M7JlJZzefjmp+j4Raj7YqLwK8pQRbAO4XDoojkf4tvmy+mRVW9O0gQ==",
      "cpu": [
        "arm64"
      ],
      "dev": true,
      "license": "MIT",
      "optional": true,
      "os": [
        "linux"
      ]
    },
    "node_modules/turbo-windows-64": {
      "version": "2.8.5",
      "resolved": "https://registry.npmjs.org/turbo-windows-64/-/turbo-windows-64-2.8.5.tgz",
      "integrity": "sha512-X0MMT+IwWS+veX8h9/SO3+gkorcuGi0nu8CIg0kBhaqbC6Me0tChvHYQpkXj/+5qG5oFpjgkCSCip4/KYesZtg==",
      "cpu": [
        "x64"
      ],
      "dev": true,
      "license": "MIT",
      "optional": true,
      "os": [
        "win32"
      ]
    },
    "node_modules/turbo-windows-arm64": {
      "version": "2.8.5",
      "resolved": "https://registry.npmjs.org/turbo-windows-arm64/-/turbo-windows-arm64-2.8.5.tgz",
      "integrity": "sha512-YBHZ1a0y8J0ITKv4TgujMFk04y84KimPDg8Br2lQaywrj3i2eRXLVuxhPi0Sqw+QuoqBVNKsHigxShA/w+rLLQ==",
      "cpu": [
        "arm64"
      ],
      "dev": true,
      "license": "MIT",
      "optional": true,
      "os": [
        "win32"
      ]
    },
    "node_modules/undici-types": {
      "version": "6.21.0",
      "resolved": "https://registry.npmjs.org/undici-types/-/undici-types-6.21.0.tgz",
      "integrity": "sha512-iwDZqg0QAGrg9Rav5H4n0M64c3mkR59cJ6wQp+7C4nI0gsmExaedaYLNO44eT4AtBBwjbTiGPMlt2Md0T9H9JQ==",
      "dev": true,
      "license": "MIT"
    }
  }
}
